<?xml version="1.0" encoding="utf-8"?>
<Project xmlns="http://schemas.microsoft.com/developer/msbuild/2003" ToolsVersion="4.0">
  <ItemGroup>
    <Filter Include="Header Files">
      <UniqueIdentifier>{4D1BFFCC-9CEB-4ABF-A951-582870FE71FD}</UniqueIdentifier>
      <Extensions>h;hpp;hxx;hm;inl;inc;xsd</Extensions>
    </Filter>
    <Filter Include="Header Files\TouchGFX">
      <UniqueIdentifier>{29C60541-803D-4F43-8683-028D9DA5E0CB}</UniqueIdentifier>
    </Filter>
    <Filter Include="Header Files\TouchGFX\common">
      <UniqueIdentifier>{AF2BF67C-89EC-4545-B0D2-5BD6803628D4}</UniqueIdentifier>
    </Filter>
    <Filter Include="Header Files\TouchGFX\mvp">
      <UniqueIdentifier>{A8F51E02-A400-49F1-AC86-371872A7E5E6}</UniqueIdentifier>
    </Filter>
    <Filter Include="Header Files\TouchGFX\platform">
      <UniqueIdentifier>{493CF637-721C-4516-8638-3EE4790FB455}</UniqueIdentifier>
    </Filter>
    <Filter Include="Header Files\TouchGFX\touchgfx">
      <UniqueIdentifier>{7187028B-6482-4EB3-8556-EECD38E0636B}</UniqueIdentifier>
    </Filter>
    <Filter Include="Header Files\TouchGFX\platform\driver">
      <UniqueIdentifier>{D2E6B448-6B79-434F-A8EB-C8F8415957E9}</UniqueIdentifier>
    </Filter>
    <Filter Include="Header Files\TouchGFX\platform\hal">
      <UniqueIdentifier>{07737357-9365-4A8F-B2F6-908B5FC4E808}</UniqueIdentifier>
    </Filter>
    <Filter Include="Header Files\TouchGFX\touchgfx\canvas_widget_renderer">
      <UniqueIdentifier>{085B248B-6BE1-4BF8-9913-35526BAEE4C7}</UniqueIdentifier>
    </Filter>
    <Filter Include="Header Files\TouchGFX\touchgfx\containers">
      <UniqueIdentifier>{E08C6B18-2F0E-4861-87D5-80FB0411017E}</UniqueIdentifier>
    </Filter>
    <Filter Include="Header Files\TouchGFX\touchgfx\events">
      <UniqueIdentifier>{29D72404-E5CB-472C-B00F-3784DF3CCD1E}</UniqueIdentifier>
    </Filter>
    <Filter Include="Header Files\TouchGFX\touchgfx\hal">
      <UniqueIdentifier>{09561B72-532B-45EB-8E32-CAA31C349F83}</UniqueIdentifier>
    </Filter>
    <Filter Include="Header Files\TouchGFX\touchgfx\lcd">
      <UniqueIdentifier>{A89B6308-CBC1-48EC-BF14-B3C6106FACCE}</UniqueIdentifier>
    </Filter>
    <Filter Include="Header Files\TouchGFX\touchgfx\mixins">
      <UniqueIdentifier>{DB82A963-BE52-4494-BD5E-358C5E79C081}</UniqueIdentifier>
    </Filter>
    <Filter Include="Header Files\TouchGFX\touchgfx\transforms">
      <UniqueIdentifier>{509E01BB-FBF4-4198-B748-936C1B67839A}</UniqueIdentifier>
    </Filter>
    <Filter Include="Header Files\TouchGFX\touchgfx\transitions">
      <UniqueIdentifier>{3F023E56-225A-4D4C-9D20-74447A23BAD9}</UniqueIdentifier>
    </Filter>
    <Filter Include="Header Files\TouchGFX\touchgfx\widgets">
      <UniqueIdentifier>{0E9A8FD3-B71B-46B9-B1F6-3A18292FFAC4}</UniqueIdentifier>
    </Filter>
    <Filter Include="Header Files\TouchGFX\platform\driver\lcd">
      <UniqueIdentifier>{9B32A742-EBA9-4EBA-832E-0421D7E68BC5}</UniqueIdentifier>
    </Filter>
    <Filter Include="Header Files\TouchGFX\platform\driver\touch">
      <UniqueIdentifier>{8C31441B-2191-4B32-869D-7B253AECB28F}</UniqueIdentifier>
    </Filter>
    <Filter Include="Header Files\TouchGFX\platform\hal\simulator">
      <UniqueIdentifier>{464CC9FB-AFF6-4FFA-B4D8-BCAC4B2B8898}</UniqueIdentifier>
    </Filter>
    <Filter Include="Header Files\TouchGFX\touchgfx\containers\clock">
      <UniqueIdentifier>{B7237C13-DD69-4F78-8446-9A554431E3F8}</UniqueIdentifier>
    </Filter>
    <Filter Include="Header Files\TouchGFX\touchgfx\containers\progress_indicators">
      <UniqueIdentifier>{5E0E884F-0059-4306-94BA-3197219750E3}</UniqueIdentifier>
    </Filter>
    <Filter Include="Header Files\TouchGFX\touchgfx\widgets\canvas">
      <UniqueIdentifier>{DBFF640A-BD63-40BC-A0A5-2468BC461037}</UniqueIdentifier>
    </Filter>
    <Filter Include="Header Files\TouchGFX\platform\hal\simulator\sdl2">
      <UniqueIdentifier>{EA3962C0-553C-4CFD-A89B-A116A9493818}</UniqueIdentifier>
    </Filter>
    <Filter Include="Resource Files">
      <UniqueIdentifier>{92BBFF14-FBDB-4755-BA47-A830D863D92B}</UniqueIdentifier>
      <Extensions>rc;ico;cur;bmp;dlg;rc2;rct;bin;rgs;gif;jpg;jpeg;jpe;resx;tiff;tif;ttf;otf;bdf;png;wav;xlsx;props;mfcribbon-ms</Extensions>
    </Filter>
    <Filter Include="Resource Files\assets">
      <UniqueIdentifier>{AF899B0F-78BE-47F9-A912-E92CB9156E40}</UniqueIdentifier>
    </Filter>
    <Filter Include="Resource Files\config">
      <UniqueIdentifier>{29E8A9F8-6504-4625-AB47-671A3F665E51}</UniqueIdentifier>
    </Filter>
    <Filter Include="Resource Files\assets\texts">
      <UniqueIdentifier>{382278FD-2B19-4E89-AE4F-24AF77E7A270}</UniqueIdentifier>
    </Filter>
    <Filter Include="Resource Files\config\msvs">
      <UniqueIdentifier>{C24EAEDB-9A3F-43DC-87FB-C7AC2729A078}</UniqueIdentifier>
    </Filter>
    <Filter Include="Source Files">
      <UniqueIdentifier>{2F3FC0AA-97C4-4366-9939-94A0FF4E028C}</UniqueIdentifier>
      <Extensions>cpp;c;cc;cxx;def;odl;idl;hpj;bat;asm;asmx</Extensions>
    </Filter>
    <Filter Include="Source Files\TouchGFX">
      <UniqueIdentifier>{C07B02A9-A55E-47AA-AD61-59A6AAD754E6}</UniqueIdentifier>
    </Filter>
    <Filter Include="Source Files\TouchGFX\platform">
      <UniqueIdentifier>{33EDC2DB-AF72-480C-92E5-2A2833BCAB6F}</UniqueIdentifier>
    </Filter>
    <Filter Include="Source Files\TouchGFX\platform\driver">
      <UniqueIdentifier>{1D8EFD90-430A-4539-9080-16A38861D20A}</UniqueIdentifier>
    </Filter>
    <Filter Include="Source Files\TouchGFX\platform\hal">
      <UniqueIdentifier>{E8DECBF2-0C8E-4397-8603-3101D6F922D6}</UniqueIdentifier>
    </Filter>
    <Filter Include="Source Files\TouchGFX\platform\driver\touch">
      <UniqueIdentifier>{40F0D55D-79D9-488A-AF83-ADC96179EADF}</UniqueIdentifier>
    </Filter>
    <Filter Include="Source Files\TouchGFX\platform\hal\simulator">
      <UniqueIdentifier>{3FB50DD5-31DA-4042-B7FD-2151C58CDA80}</UniqueIdentifier>
    </Filter>
    <Filter Include="Source Files\TouchGFX\platform\hal\simulator\sdl2">
      <UniqueIdentifier>{B48CB42B-0F9E-4815-BFE1-1ACC1150ED8A}</UniqueIdentifier>
    </Filter>
    <Filter Include="Header Files\gui">
      <UniqueIdentifier>8DEA8780-22B7-40FE-BD92-17F83D5953EC</UniqueIdentifier>
    </Filter>
    <Filter Include="Source Files\generated">
      <UniqueIdentifier>7343191B-7203-449A-B207-BFBB8E6B529C</UniqueIdentifier>
    </Filter>
    <Filter Include="Source Files\gui">
      <UniqueIdentifier>F51642EC-AFDE-47F2-850D-3605F8644921</UniqueIdentifier>
    </Filter>
    <Filter Include="Header Files\generated">
      <UniqueIdentifier>15BF16B6-8833-4E9D-8F49-2450697452E3</UniqueIdentifier>
    </Filter>
    <Filter Include="Header Files\generated\gui_generated">
      <UniqueIdentifier>6F6DE108-BCDF-46AC-8FD2-9ABC876683F7</UniqueIdentifier>
    </Filter>
    <Filter Include="Source Files\generated\gui_generated">
      <UniqueIdentifier>0B24FB59-F7A4-47D8-A877-8E6B7E75B7BC</UniqueIdentifier>
    </Filter>
    <Filter Include="Header Files\gui\model">
      <UniqueIdentifier>95A5EEE3-77CC-48D9-B1FC-73F60BAF41E4</UniqueIdentifier>
    </Filter>
    <Filter Include="Source Files\gui\screen1_screen">
      <UniqueIdentifier>EB2BD60F-7495-42E6-87FC-6E08EB5FEA21</UniqueIdentifier>
    </Filter>
    <Filter Include="Header Files\gui\screen1_screen">
      <UniqueIdentifier>3198B425-25B6-4230-884D-E7C4DC4A1A3A</UniqueIdentifier>
    </Filter>
    <Filter Include="Header Files\gui\common">
      <UniqueIdentifier>AFED5D4B-C4F2-443B-A94D-EEADEB4CF6B5</UniqueIdentifier>
    </Filter>
    <Filter Include="Source Files\gui\common">
      <UniqueIdentifier>42D15A0E-D0B0-48F8-ACBC-285C164DB572</UniqueIdentifier>
    </Filter>
    <Filter Include="Source Files\gui\model">
      <UniqueIdentifier>CFF886DD-1A20-4BF2-BADA-AC820B3AA7C4</UniqueIdentifier>
    </Filter>
    <Filter Include="Header Files\generated\gui_generated\screen1_screen">
      <UniqueIdentifier>BDD3B886-2591-47B4-B545-89335E1E26B4</UniqueIdentifier>
    </Filter>
    <Filter Include="Source Files\generated\gui_generated\common">
      <UniqueIdentifier>02FA92CE-46AF-49EC-BABF-4417910D83C0</UniqueIdentifier>
    </Filter>
    <Filter Include="Header Files\generated\gui_generated\common">
      <UniqueIdentifier>329B0A86-DDCA-4B94-8E21-B08E0BBEA6D2</UniqueIdentifier>
    </Filter>
    <Filter Include="Source Files\generated\gui_generated\screen1_screen">
      <UniqueIdentifier>270963B0-39AA-4ACF-A637-4D573B5D634B</UniqueIdentifier>
    </Filter>
    <Filter Include="Source Files\gui\pooltemp_screen">
      <UniqueIdentifier>7AD822A3-B2FA-4F8C-B3B4-7ECDF50DCA88</UniqueIdentifier>
    </Filter>
    <Filter Include="Source Files\gui\main_screen">
      <UniqueIdentifier>CC205533-E9CA-4115-AB28-7FE29ACF877E</UniqueIdentifier>
    </Filter>
    <Filter Include="Header Files\gui\pooltemp_screen">
      <UniqueIdentifier>8611491E-B14F-4112-B5EB-7707E2AF95BE</UniqueIdentifier>
    </Filter>
    <Filter Include="Header Files\gui\main_screen">
      <UniqueIdentifier>190574F8-F0B8-45BE-89F8-B525BEF750E3</UniqueIdentifier>
    </Filter>
    <Filter Include="Header Files\generated\gui_generated\pooltemp_screen">
      <UniqueIdentifier>D3C5A5F1-483A-4640-AA3F-66EEB8A2FC93</UniqueIdentifier>
    </Filter>
    <Filter Include="Header Files\generated\gui_generated\main_screen">
      <UniqueIdentifier>AC155353-24D1-424D-A014-F8768321E410</UniqueIdentifier>
    </Filter>
    <Filter Include="Source Files\generated\gui_generated\main_screen">
      <UniqueIdentifier>D83542D1-9F56-41F1-AD92-30A5CD4B822E</UniqueIdentifier>
    </Filter>
    <Filter Include="Source Files\generated\gui_generated\pooltemp_screen">
      <UniqueIdentifier>277DF898-0FB3-4E8F-A807-E520A3A18CB5</UniqueIdentifier>
    </Filter>
    <Filter Include="Source Files\gui\ooltemp_screen">
      <UniqueIdentifier>E96716E7-10A0-4367-A79A-2C3FFB6D4C97</UniqueIdentifier>
    </Filter>
    <Filter Include="Header Files\gui\ooltemp_screen">
      <UniqueIdentifier>B03A6717-B9C3-4899-9F41-16C2B3A504B3</UniqueIdentifier>
    </Filter>
    <Filter Include="Header Files\generated\gui_generated\ooltemp_screen">
      <UniqueIdentifier>4A581315-E3F5-4C79-A9BA-A11C2229D9EE</UniqueIdentifier>
    </Filter>
    <Filter Include="Source Files\generated\gui_generated\ooltemp_screen">
      <UniqueIdentifier>06A7593C-A3D3-4B5B-9B73-2E33689728DC</UniqueIdentifier>
    </Filter>
    <Filter Include="Source Files\gui\roomtemp_screen">
      <UniqueIdentifier>3F3A474F-515E-4B9A-A278-3502BF7B2DE4</UniqueIdentifier>
    </Filter>
    <Filter Include="Header Files\gui\roomtemp_screen">
      <UniqueIdentifier>6C326E5F-5EAA-4CDF-BC5B-7DFEE2A6A698</UniqueIdentifier>
    </Filter>
    <Filter Include="Header Files\generated\gui_generated\roomtemp_screen">
      <UniqueIdentifier>BF053D78-B8CA-41A1-92ED-1B4B86A25B10</UniqueIdentifier>
    </Filter>
    <Filter Include="Source Files\generated\gui_generated\roomtemp_screen">
      <UniqueIdentifier>1F718CDC-BABF-4899-A82A-E7D1C82B92F8</UniqueIdentifier>
    </Filter>
    <Filter Include="Source Files\gui\pooltem_screen">
      <UniqueIdentifier>064AFB11-6F6B-4184-B1A2-C5D962DAD1AE</UniqueIdentifier>
    </Filter>
    <Filter Include="Header Files\gui\pooltem_screen">
      <UniqueIdentifier>C9016F42-E441-4E8B-85EB-18247A65B1C4</UniqueIdentifier>
    </Filter>
    <Filter Include="Header Files\generated\gui_generated\pooltem_screen">
      <UniqueIdentifier>44AD0C0F-E2E3-4588-8F0E-5CAC7E57C7E2</UniqueIdentifier>
    </Filter>
    <Filter Include="Source Files\generated\gui_generated\pooltem_screen">
      <UniqueIdentifier>08F7DDFA-0BA7-452C-8C79-500936417B11</UniqueIdentifier>
    </Filter>
    <Filter Include="Source Files\gui\set_screen">
      <UniqueIdentifier>258485F7-94FA-44C7-8116-F11D066CACDA</UniqueIdentifier>
    </Filter>
    <Filter Include="Header Files\gui\set_screen">
      <UniqueIdentifier>C1C9CD8B-D087-4AA9-A431-FD718EE7C8F0</UniqueIdentifier>
    </Filter>
    <Filter Include="Header Files\generated\gui_generated\set_screen">
      <UniqueIdentifier>CF72B15D-47C1-4228-A448-6812187B75D6</UniqueIdentifier>
    </Filter>
    <Filter Include="Source Files\generated\gui_generated\set_screen">
      <UniqueIdentifier>6746EB7D-45D8-4024-A0CD-4C90A58B9055</UniqueIdentifier>
    </Filter>
    <Filter Include="Source Files\gui\settempset_screen">
      <UniqueIdentifier>D15A5AB1-0C8E-488E-BF95-6229193AE10E</UniqueIdentifier>
    </Filter>
    <Filter Include="Header Files\gui\settempset_screen">
      <UniqueIdentifier>18FE0DE1-BA6D-461D-B119-6153AD5698A9</UniqueIdentifier>
    </Filter>
    <Filter Include="Header Files\generated\gui_generated\settempset_screen">
      <UniqueIdentifier>FFA32DCF-B01A-4C31-9943-5CCE47EE1856</UniqueIdentifier>
    </Filter>
    <Filter Include="Source Files\generated\gui_generated\settempset_screen">
      <UniqueIdentifier>63CAC66C-0367-41C4-B094-937E0742EC61</UniqueIdentifier>
    </Filter>
    <Filter Include="Source Files\gui\settempcontrol_screen">
      <UniqueIdentifier>CEC8E8E7-1CB3-4B33-8688-EB4FB7BFB1B4</UniqueIdentifier>
    </Filter>
    <Filter Include="Header Files\gui\settempcontrol_screen">
      <UniqueIdentifier>8CA45FB6-1534-4B7C-A7EA-5CB4945781F8</UniqueIdentifier>
    </Filter>
    <Filter Include="Header Files\generated\gui_generated\settempcontrol_screen">
      <UniqueIdentifier>ECD3D5B4-7819-4D1A-9F20-78128F820DFB</UniqueIdentifier>
    </Filter>
    <Filter Include="Source Files\generated\gui_generated\settempcontrol_screen">
      <UniqueIdentifier>A345358E-8E2C-46FA-BD95-2BED359EEB90</UniqueIdentifier>
    </Filter>
    <Filter Include="Source Files\gui\containers">
      <UniqueIdentifier>68C0ECDB-A667-4E9E-A327-1FD63D4514DA</UniqueIdentifier>
    </Filter>
    <Filter Include="Header Files\gui\containers">
      <UniqueIdentifier>6833E96C-D8E7-4B33-9A09-3916A6A743EB</UniqueIdentifier>
    </Filter>
    <Filter Include="Source Files\generated\gui_generated\containers">
      <UniqueIdentifier>2514092C-60A5-410D-83A2-EBAC558A204A</UniqueIdentifier>
    </Filter>
    <Filter Include="Header Files\generated\gui_generated\containers">
      <UniqueIdentifier>47B57122-CA5F-440A-9557-748DE1AB1A41</UniqueIdentifier>
    </Filter>
    <Filter Include="Source Files\gui\sc_screen">
      <UniqueIdentifier>5374B161-689C-4CD8-ABB5-C9D096009167</UniqueIdentifier>
    </Filter>
    <Filter Include="Header Files\gui\sc_screen">
      <UniqueIdentifier>3FCB8B94-53CC-4979-A9E3-123523C0ED3B</UniqueIdentifier>
    </Filter>
    <Filter Include="Header Files\generated\gui_generated\sc_screen">
      <UniqueIdentifier>624DFEA2-FCD1-4FB3-8149-FAA8A64F457B</UniqueIdentifier>
    </Filter>
    <Filter Include="Source Files\generated\gui_generated\sc_screen">
      <UniqueIdentifier>3FB66CA5-4D8A-4320-AE30-C2AF0B80C21B</UniqueIdentifier>
    </Filter>
    <Filter Include="Source Files\gui\screenmenu_screen">
      <UniqueIdentifier>D1C382A6-7AE9-46E1-A4A7-5A4BC9884E4D</UniqueIdentifier>
    </Filter>
    <Filter Include="Header Files\gui\screenmenu_screen">
      <UniqueIdentifier>43A4CF3B-B897-46E5-B719-1C56555EBBEA</UniqueIdentifier>
    </Filter>
    <Filter Include="Header Files\generated\gui_generated\screenmenu_screen">
      <UniqueIdentifier>06D873F1-A50A-4FC5-9623-141510799C8E</UniqueIdentifier>
    </Filter>
    <Filter Include="Source Files\generated\gui_generated\screenmenu_screen">
      <UniqueIdentifier>7BD71070-4B14-466E-B69F-116B9D7BA0CE</UniqueIdentifier>
    </Filter>
    <Filter Include="Source Files\gui\screencanbus_screen">
      <UniqueIdentifier>6F47251E-FC6C-43E5-8AF8-D1E6668D94D9</UniqueIdentifier>
    </Filter>
    <Filter Include="Header Files\gui\screencanbus_screen">
      <UniqueIdentifier>59623A63-B6E0-4296-A89B-950E00AF587E</UniqueIdentifier>
    </Filter>
    <Filter Include="Source Files\generated\gui_generated\screencanbus_screen">
      <UniqueIdentifier>ABCB5402-A9BE-42C4-9135-A32148DBC4C9</UniqueIdentifier>
    </Filter>
    <Filter Include="Header Files\generated\gui_generated\screencanbus_screen">
      <UniqueIdentifier>C7F92BAE-629D-4FFA-B7A9-C2E0E9ACBC3C</UniqueIdentifier>
    </Filter>
    <Filter Include="Source Files\gui\screen_screen">
      <UniqueIdentifier>13DA0114-F458-47EE-AEE2-AFA68E0F0419</UniqueIdentifier>
    </Filter>
    <Filter Include="Header Files\gui\screen_screen">
      <UniqueIdentifier>A01175F1-5261-436A-86B1-221C6CF7A559</UniqueIdentifier>
    </Filter>
    <Filter Include="Header Files\generated\gui_generated\screen_screen">
      <UniqueIdentifier>6863C11D-652B-40C1-B705-6F5153EEB110</UniqueIdentifier>
    </Filter>
    <Filter Include="Source Files\generated\gui_generated\screen_screen">
      <UniqueIdentifier>3C8B1C99-E1AA-4130-8785-00F253F10551</UniqueIdentifier>
    </Filter>
    <Filter Include="Source Files\gui\screenzone_screen">
      <UniqueIdentifier>2939B1FE-1455-4362-A14D-AB720F381703</UniqueIdentifier>
    </Filter>
    <Filter Include="Header Files\gui\screenzone_screen">
      <UniqueIdentifier>33903146-8367-43A1-BB64-59EC148C7151</UniqueIdentifier>
    </Filter>
    <Filter Include="Header Files\generated\gui_generated\screenzone_screen">
      <UniqueIdentifier>B311CF3B-EAC9-4C78-94A4-C11155DF9F83</UniqueIdentifier>
    </Filter>
    <Filter Include="Source Files\generated\gui_generated\screenzone_screen">
      <UniqueIdentifier>2AF5DBDF-1726-4BEC-8484-66025C300EAD</UniqueIdentifier>
    </Filter>
    <Filter Include="Source Files\gui\screenmodbus_screen">
      <UniqueIdentifier>ED22476F-CC72-4BFA-8B53-C444F849F728</UniqueIdentifier>
    </Filter>
    <Filter Include="Header Files\gui\screenmodbus_screen">
      <UniqueIdentifier>C5DC50C3-B4FD-4FE8-9A19-7558AA151B19</UniqueIdentifier>
    </Filter>
    <Filter Include="Header Files\generated\gui_generated\screenmodbus_screen">
      <UniqueIdentifier>9567ECD7-C8F5-467A-A046-7822C74C1318</UniqueIdentifier>
    </Filter>
    <Filter Include="Source Files\generated\gui_generated\screenmodbus_screen">
      <UniqueIdentifier>08FF73D5-2EA3-460B-BFEF-1EA3762B4E69</UniqueIdentifier>
    </Filter>
    <Filter Include="Source Files\gui\screeni_screen">
      <UniqueIdentifier>42F1F29F-9A96-4062-A929-CC295A12DBB1</UniqueIdentifier>
    </Filter>
    <Filter Include="Header Files\gui\screeni_screen">
      <UniqueIdentifier>D1C127BC-99B1-459F-99B3-6A7D2363133F</UniqueIdentifier>
    </Filter>
    <Filter Include="Source Files\generated\gui_generated\screeni_screen">
      <UniqueIdentifier>1E7E2C45-8E9A-44B4-83E5-30F549640547</UniqueIdentifier>
    </Filter>
    <Filter Include="Header Files\generated\gui_generated\screeni_screen">
      <UniqueIdentifier>9C4A7466-0ECF-498F-9BDE-B4ED83D13192</UniqueIdentifier>
    </Filter>
    <Filter Include="Source Files\gui\screenindustrialcontroller_screen">
      <UniqueIdentifier>99B6A8B2-CB1D-4CA2-9172-A8FE2320B5CE</UniqueIdentifier>
    </Filter>
    <Filter Include="Header Files\gui\screenindustrialcontroller_screen">
      <UniqueIdentifier>2A9FB0E4-FD4A-4B7A-BBC1-96D476AE7137</UniqueIdentifier>
    </Filter>
    <Filter Include="Source Files\generated\gui_generated\screenindustrialcontroller_screen">
      <UniqueIdentifier>16405D02-10C2-407A-B80A-085B2128F42D</UniqueIdentifier>
    </Filter>
    <Filter Include="Header Files\generated\gui_generated\screenindustrialcontroller_screen">
      <UniqueIdentifier>D42D55A1-DFAB-4F75-933E-5DA3D1841EC3</UniqueIdentifier>
    </Filter>
  </ItemGroup>
  <ItemGroup>
    <ClCompile Include="$(TouchGFXReleasePath)\framework\source\platform\driver\touch\SDL2TouchController.cpp">
      <Filter>Source Files\TouchGFX\platform\driver\touch</Filter>
    </ClCompile>
    <ClCompile Include="$(TouchGFXReleasePath)\framework\source\platform\hal\simulator\sdl2\HALSDL2.cpp">
      <Filter>Source Files\TouchGFX\platform\hal\simulator\sdl2</Filter>
    </ClCompile>
    <ClCompile Include="$(TouchGFXReleasePath)\framework\source\platform\hal\simulator\sdl2\HALSDL2_icon.cpp">
      <Filter>Source Files\TouchGFX\platform\hal\simulator\sdl2</Filter>
    </ClCompile>
    <ClCompile Include="$(TouchGFXReleasePath)\framework\source\platform\hal\simulator\sdl2\OSWrappers.cpp">
      <Filter>Source Files\TouchGFX\platform\hal\simulator\sdl2</Filter>
    </ClCompile>
    <ClCompile Include="..\main.cpp">
      <Filter>Source Files</Filter>
    </ClCompile>
    <ClCompile Include="..\..\gui\src\common\FrontendApplication.cpp">
      <Filter>Source Files\gui\common</Filter>
    </ClCompile>
    <ClCompile Include="..\..\generated\gui_generated\src\common\FrontendApplicationBase.cpp">
      <Filter>Source Files\generated\gui_generated\common</Filter>
    </ClCompile>
    <ClCompile Include="..\..\gui\src\model\Model.cpp">
      <Filter>Source Files\gui\model</Filter>
    </ClCompile>
    <ClCompile Include="..\..\gui\src\main_screen\MainPresenter.cpp">
      <Filter>Source Files\gui\main_screen</Filter>
    </ClCompile>
    <ClCompile Include="..\..\gui\src\main_screen\MainView.cpp">
      <Filter>Source Files\gui\main_screen</Filter>
    </ClCompile>
    <ClCompile Include="..\..\generated\gui_generated\src\main_screen\MainViewBase.cpp">
      <Filter>Source Files\generated\gui_generated\main_screen</Filter>
    </ClCompile>
    <ClCompile Include="..\..\gui\src\settempcontrol_screen\SetTempControlPresenter.cpp">
      <Filter>Source Files\gui\settempcontrol_screen</Filter>
    </ClCompile>
    <ClCompile Include="..\..\gui\src\settempcontrol_screen\SetTempControlView.cpp">
      <Filter>Source Files\gui\settempcontrol_screen</Filter>
    </ClCompile>
    <ClCompile Include="..\..\generated\gui_generated\src\settempcontrol_screen\SetTempControlViewBase.cpp">
      <Filter>Source Files\generated\gui_generated\settempcontrol_screen</Filter>
    </ClCompile>
    <ClCompile Include="..\..\gui\src\screenmenu_screen\screenMenuPresenter.cpp">
      <Filter>Source Files\gui\screenmenu_screen</Filter>
    </ClCompile>
    <ClCompile Include="..\..\gui\src\screenmenu_screen\screenMenuView.cpp">
      <Filter>Source Files\gui\screenmenu_screen</Filter>
    </ClCompile>
    <ClCompile Include="..\..\generated\gui_generated\src\screenmenu_screen\screenMenuViewBase.cpp">
      <Filter>Source Files\generated\gui_generated\screenmenu_screen</Filter>
    </ClCompile>
    <ClCompile Include="..\..\gui\src\screencanbus_screen\screenCanbusPresenter.cpp">
      <Filter>Source Files\gui\screencanbus_screen</Filter>
    </ClCompile>
    <ClCompile Include="..\..\gui\src\screencanbus_screen\screenCanbusView.cpp">
      <Filter>Source Files\gui\screencanbus_screen</Filter>
    </ClCompile>
    <ClCompile Include="..\..\generated\gui_generated\src\screencanbus_screen\screenCanbusViewBase.cpp">
      <Filter>Source Files\generated\gui_generated\screencanbus_screen</Filter>
    </ClCompile>
    <ClCompile Include="..\..\gui\src\containers\AtdiBackground_Btns.cpp">
      <Filter>Source Files\gui\containers</Filter>
    </ClCompile>
    <ClCompile Include="..\..\generated\gui_generated\src\containers\AtdiBackground_BtnsBase.cpp">
      <Filter>Source Files\generated\gui_generated\containers</Filter>
    </ClCompile>
    <ClCompile Include="..\..\gui\src\screenzone_screen\screenZonePresenter.cpp">
      <Filter>Source Files\gui\screenzone_screen</Filter>
    </ClCompile>
    <ClCompile Include="..\..\gui\src\screenzone_screen\screenZoneView.cpp">
      <Filter>Source Files\gui\screenzone_screen</Filter>
    </ClCompile>
    <ClCompile Include="..\..\generated\gui_generated\src\screenzone_screen\screenZoneViewBase.cpp">
      <Filter>Source Files\generated\gui_generated\screenzone_screen</Filter>
    </ClCompile>
    <ClCompile Include="..\..\gui\src\screenmodbus_screen\screenModbusPresenter.cpp">
      <Filter>Source Files\gui\screenmodbus_screen</Filter>
    </ClCompile>
    <ClCompile Include="..\..\gui\src\screenmodbus_screen\screenModbusView.cpp">
      <Filter>Source Files\gui\screenmodbus_screen</Filter>
    </ClCompile>
    <ClCompile Include="..\..\generated\gui_generated\src\screenmodbus_screen\screenModbusViewBase.cpp">
      <Filter>Source Files\generated\gui_generated\screenmodbus_screen</Filter>
    </ClCompile>
    <ClCompile Include="..\..\gui\src\screenindustrialcontroller_screen\screenIndustrialControllerPresenter.cpp">
      <Filter>Source Files\gui\screenindustrialcontroller_screen</Filter>
    </ClCompile>
    <ClCompile Include="..\..\gui\src\screenindustrialcontroller_screen\screenIndustrialControllerView.cpp">
      <Filter>Source Files\gui\screenindustrialcontroller_screen</Filter>
    </ClCompile>
    <ClCompile Include="..\..\generated\gui_generated\src\screenindustrialcontroller_screen\screenIndustrialControllerViewBase.cpp">
      <Filter>Source Files\generated\gui_generated\screenindustrialcontroller_screen</Filter>
    </ClCompile>
  </ItemGroup>
  <ItemGroup>
    <None Include="..\..\assets\texts\texts.xlsx">
      <Filter>Resource Files\assets\texts</Filter>
    </None>
    <None Include="..\..\config\msvs\Application.props">
      <Filter>Resource Files\config\msvs</Filter>
    </None>
  </ItemGroup>
  <ItemGroup>
    <ClInclude Include="$(TouchGFXReleasePath)\framework\include\common\AbstractPartition.hpp">
      <Filter>Header Files\TouchGFX\common</Filter>
    </ClInclude>
    <ClInclude Include="$(TouchGFXReleasePath)\framework\include\common\Meta.hpp">
      <Filter>Header Files\TouchGFX\common</Filter>
    </ClInclude>
    <ClInclude Include="$(TouchGFXReleasePath)\framework\include\common\Partition.hpp">
      <Filter>Header Files\TouchGFX\common</Filter>
    </ClInclude>
    <ClInclude Include="$(TouchGFXReleasePath)\framework\include\common\TouchGFXInit.hpp">
      <Filter>Header Files\TouchGFX\common</Filter>
    </ClInclude>
    <ClInclude Include="$(TouchGFXReleasePath)\framework\include\mvp\MVPApplication.hpp">
      <Filter>Header Files\TouchGFX\mvp</Filter>
    </ClInclude>
    <ClInclude Include="$(TouchGFXReleasePath)\framework\include\mvp\MVPHeap.hpp">
      <Filter>Header Files\TouchGFX\mvp</Filter>
    </ClInclude>
    <ClInclude Include="$(TouchGFXReleasePath)\framework\include\mvp\Presenter.hpp">
      <Filter>Header Files\TouchGFX\mvp</Filter>
    </ClInclude>
    <ClInclude Include="$(TouchGFXReleasePath)\framework\include\mvp\View.hpp">
      <Filter>Header Files\TouchGFX\mvp</Filter>
    </ClInclude>
    <ClInclude Include="$(TouchGFXReleasePath)\framework\include\platform\driver\lcd\LCD16bpp.hpp">
      <Filter>Header Files\TouchGFX\platform\driver\lcd</Filter>
    </ClInclude>
    <ClInclude Include="$(TouchGFXReleasePath)\framework\include\platform\driver\lcd\LCD1bpp.hpp">
      <Filter>Header Files\TouchGFX\platform\driver\lcd</Filter>
    </ClInclude>
    <ClInclude Include="$(TouchGFXReleasePath)\framework\include\platform\driver\lcd\LCD24bpp.hpp">
      <Filter>Header Files\TouchGFX\platform\driver\lcd</Filter>
    </ClInclude>
    <ClInclude Include="$(TouchGFXReleasePath)\framework\include\platform\driver\lcd\LCD2bpp.hpp">
      <Filter>Header Files\TouchGFX\platform\driver\lcd</Filter>
    </ClInclude>
    <ClInclude Include="$(TouchGFXReleasePath)\framework\include\platform\driver\lcd\LCD4bpp.hpp">
      <Filter>Header Files\TouchGFX\platform\driver\lcd</Filter>
    </ClInclude>
    <ClInclude Include="$(TouchGFXReleasePath)\framework\include\platform\driver\touch\SDL2TouchController.hpp">
      <Filter>Header Files\TouchGFX\platform\driver\touch</Filter>
    </ClInclude>
    <ClInclude Include="$(TouchGFXReleasePath)\framework\include\platform\hal\simulator\sdl2\HALSDL2.hpp">
      <Filter>Header Files\TouchGFX\platform\hal\simulator\sdl2</Filter>
    </ClInclude>
    <ClInclude Include="$(TouchGFXReleasePath)\framework\include\touchgfx\Application.hpp">
      <Filter>Header Files\TouchGFX\touchgfx</Filter>
    </ClInclude>
    <ClInclude Include="$(TouchGFXReleasePath)\framework\include\touchgfx\Bitmap.hpp">
      <Filter>Header Files\TouchGFX\touchgfx</Filter>
    </ClInclude>
    <ClInclude Include="$(TouchGFXReleasePath)\framework\include\touchgfx\Callback.hpp">
      <Filter>Header Files\TouchGFX\touchgfx</Filter>
    </ClInclude>
    <ClInclude Include="$(TouchGFXReleasePath)\framework\include\touchgfx\canvas_widget_renderer\CanvasWidgetRenderer.hpp">
      <Filter>Header Files\TouchGFX\touchgfx\canvas_widget_renderer</Filter>
    </ClInclude>
    <ClInclude Include="$(TouchGFXReleasePath)\framework\include\touchgfx\canvas_widget_renderer\Cell.hpp">
      <Filter>Header Files\TouchGFX\touchgfx\canvas_widget_renderer</Filter>
    </ClInclude>
    <ClInclude Include="$(TouchGFXReleasePath)\framework\include\touchgfx\canvas_widget_renderer\Outline.hpp">
      <Filter>Header Files\TouchGFX\touchgfx\canvas_widget_renderer</Filter>
    </ClInclude>
    <ClInclude Include="$(TouchGFXReleasePath)\framework\include\touchgfx\canvas_widget_renderer\Rasterizer.hpp">
      <Filter>Header Files\TouchGFX\touchgfx\canvas_widget_renderer</Filter>
    </ClInclude>
    <ClInclude Include="$(TouchGFXReleasePath)\framework\include\touchgfx\canvas_widget_renderer\Renderer.hpp">
      <Filter>Header Files\TouchGFX\touchgfx\canvas_widget_renderer</Filter>
    </ClInclude>
    <ClInclude Include="$(TouchGFXReleasePath)\framework\include\touchgfx\canvas_widget_renderer\RenderingBuffer.hpp">
      <Filter>Header Files\TouchGFX\touchgfx\canvas_widget_renderer</Filter>
    </ClInclude>
    <ClInclude Include="$(TouchGFXReleasePath)\framework\include\touchgfx\canvas_widget_renderer\RGBA8.hpp">
      <Filter>Header Files\TouchGFX\touchgfx\canvas_widget_renderer</Filter>
    </ClInclude>
    <ClInclude Include="$(TouchGFXReleasePath)\framework\include\touchgfx\canvas_widget_renderer\Scanline.hpp">
      <Filter>Header Files\TouchGFX\touchgfx\canvas_widget_renderer</Filter>
    </ClInclude>
    <ClInclude Include="$(TouchGFXReleasePath)\framework\include\touchgfx\Color.hpp">
      <Filter>Header Files\TouchGFX\touchgfx</Filter>
    </ClInclude>
    <ClInclude Include="$(TouchGFXReleasePath)\framework\include\touchgfx\ConstFont.hpp">
      <Filter>Header Files\TouchGFX\touchgfx</Filter>
    </ClInclude>
    <ClInclude Include="$(TouchGFXReleasePath)\framework\include\touchgfx\containers\clock\AbstractClock.hpp">
      <Filter>Header Files\TouchGFX\touchgfx\containers\clock</Filter>
    </ClInclude>
    <ClInclude Include="$(TouchGFXReleasePath)\framework\include\touchgfx\containers\clock\AnalogClock.hpp">
      <Filter>Header Files\TouchGFX\touchgfx\containers\clock</Filter>
    </ClInclude>
    <ClInclude Include="$(TouchGFXReleasePath)\framework\include\touchgfx\containers\clock\DigitalClock.hpp">
      <Filter>Header Files\TouchGFX\touchgfx\containers\clock</Filter>
    </ClInclude>
    <ClInclude Include="$(TouchGFXReleasePath)\framework\include\touchgfx\containers\Container.hpp">
      <Filter>Header Files\TouchGFX\touchgfx\containers</Filter>
    </ClInclude>
    <ClInclude Include="$(TouchGFXReleasePath)\framework\include\touchgfx\containers\ListLayout.hpp">
      <Filter>Header Files\TouchGFX\touchgfx\containers</Filter>
    </ClInclude>
    <ClInclude Include="$(TouchGFXReleasePath)\framework\include\touchgfx\containers\ModalWindow.hpp">
      <Filter>Header Files\TouchGFX\touchgfx\containers</Filter>
    </ClInclude>
    <ClInclude Include="$(TouchGFXReleasePath)\framework\include\touchgfx\containers\progress_indicators\AbstractDirectionProgress.hpp">
      <Filter>Header Files\TouchGFX\touchgfx\containers\progress_indicators</Filter>
    </ClInclude>
    <ClInclude Include="$(TouchGFXReleasePath)\framework\include\touchgfx\containers\progress_indicators\AbstractProgressIndicator.hpp">
      <Filter>Header Files\TouchGFX\touchgfx\containers\progress_indicators</Filter>
    </ClInclude>
    <ClInclude Include="$(TouchGFXReleasePath)\framework\include\touchgfx\containers\progress_indicators\BoxProgress.hpp">
      <Filter>Header Files\TouchGFX\touchgfx\containers\progress_indicators</Filter>
    </ClInclude>
    <ClInclude Include="$(TouchGFXReleasePath)\framework\include\touchgfx\containers\progress_indicators\CircleProgress.hpp">
      <Filter>Header Files\TouchGFX\touchgfx\containers\progress_indicators</Filter>
    </ClInclude>
    <ClInclude Include="$(TouchGFXReleasePath)\framework\include\touchgfx\containers\progress_indicators\ImageProgress.hpp">
      <Filter>Header Files\TouchGFX\touchgfx\containers\progress_indicators</Filter>
    </ClInclude>
    <ClInclude Include="$(TouchGFXReleasePath)\framework\include\touchgfx\containers\progress_indicators\LineProgress.hpp">
      <Filter>Header Files\TouchGFX\touchgfx\containers\progress_indicators</Filter>
    </ClInclude>
    <ClInclude Include="$(TouchGFXReleasePath)\framework\include\touchgfx\containers\progress_indicators\TextProgress.hpp">
      <Filter>Header Files\TouchGFX\touchgfx\containers\progress_indicators</Filter>
    </ClInclude>
    <ClInclude Include="$(TouchGFXReleasePath)\framework\include\touchgfx\containers\ScrollableContainer.hpp">
      <Filter>Header Files\TouchGFX\touchgfx\containers</Filter>
    </ClInclude>
    <ClInclude Include="$(TouchGFXReleasePath)\framework\include\touchgfx\containers\SlideMenu.hpp">
      <Filter>Header Files\TouchGFX\touchgfx\containers</Filter>
    </ClInclude>
    <ClInclude Include="$(TouchGFXReleasePath)\framework\include\touchgfx\containers\Slider.hpp">
      <Filter>Header Files\TouchGFX\touchgfx\containers</Filter>
    </ClInclude>
    <ClInclude Include="$(TouchGFXReleasePath)\framework\include\touchgfx\containers\ZoomAnimationImage.hpp">
      <Filter>Header Files\TouchGFX\touchgfx\containers</Filter>
    </ClInclude>
    <ClInclude Include="$(TouchGFXReleasePath)\framework\include\touchgfx\Drawable.hpp">
      <Filter>Header Files\TouchGFX\touchgfx</Filter>
    </ClInclude>
    <ClInclude Include="$(TouchGFXReleasePath)\framework\include\touchgfx\EasingEquations.hpp">
      <Filter>Header Files\TouchGFX\touchgfx</Filter>
    </ClInclude>
    <ClInclude Include="$(TouchGFXReleasePath)\framework\include\touchgfx\Event.hpp">
      <Filter>Header Files\TouchGFX\touchgfx</Filter>
    </ClInclude>
    <ClInclude Include="$(TouchGFXReleasePath)\framework\include\touchgfx\events\ClickEvent.hpp">
      <Filter>Header Files\TouchGFX\touchgfx\events</Filter>
    </ClInclude>
    <ClInclude Include="$(TouchGFXReleasePath)\framework\include\touchgfx\events\DragEvent.hpp">
      <Filter>Header Files\TouchGFX\touchgfx\events</Filter>
    </ClInclude>
    <ClInclude Include="$(TouchGFXReleasePath)\framework\include\touchgfx\events\GestureEvent.hpp">
      <Filter>Header Files\TouchGFX\touchgfx\events</Filter>
    </ClInclude>
    <ClInclude Include="$(TouchGFXReleasePath)\framework\include\touchgfx\Font.hpp">
      <Filter>Header Files\TouchGFX\touchgfx</Filter>
    </ClInclude>
    <ClInclude Include="$(TouchGFXReleasePath)\framework\include\touchgfx\FontManager.hpp">
      <Filter>Header Files\TouchGFX\touchgfx</Filter>
    </ClInclude>
    <ClInclude Include="$(TouchGFXReleasePath)\framework\include\touchgfx\hal\Atomic.hpp">
      <Filter>Header Files\TouchGFX\touchgfx\hal</Filter>
    </ClInclude>
    <ClInclude Include="$(TouchGFXReleasePath)\framework\include\touchgfx\hal\BlitOp.hpp">
      <Filter>Header Files\TouchGFX\touchgfx\hal</Filter>
    </ClInclude>
    <ClInclude Include="$(TouchGFXReleasePath)\framework\include\touchgfx\hal\BoardConfiguration.hpp">
      <Filter>Header Files\TouchGFX\touchgfx\hal</Filter>
    </ClInclude>
    <ClInclude Include="$(TouchGFXReleasePath)\framework\include\touchgfx\hal\Buttons.hpp">
      <Filter>Header Files\TouchGFX\touchgfx\hal</Filter>
    </ClInclude>
    <ClInclude Include="$(TouchGFXReleasePath)\framework\include\touchgfx\hal\Config.hpp">
      <Filter>Header Files\TouchGFX\touchgfx\hal</Filter>
    </ClInclude>
    <ClInclude Include="$(TouchGFXReleasePath)\framework\include\touchgfx\hal\DMA.hpp">
      <Filter>Header Files\TouchGFX\touchgfx\hal</Filter>
    </ClInclude>
    <ClInclude Include="$(TouchGFXReleasePath)\framework\include\touchgfx\hal\Gestures.hpp">
      <Filter>Header Files\TouchGFX\touchgfx\hal</Filter>
    </ClInclude>
    <ClInclude Include="$(TouchGFXReleasePath)\framework\include\touchgfx\hal\GPIO.hpp">
      <Filter>Header Files\TouchGFX\touchgfx\hal</Filter>
    </ClInclude>
    <ClInclude Include="$(TouchGFXReleasePath)\framework\include\touchgfx\hal\HAL.hpp">
      <Filter>Header Files\TouchGFX\touchgfx\hal</Filter>
    </ClInclude>
    <ClInclude Include="$(TouchGFXReleasePath)\framework\include\touchgfx\hal\LED.hpp">
      <Filter>Header Files\TouchGFX\touchgfx\hal</Filter>
    </ClInclude>
    <ClInclude Include="$(TouchGFXReleasePath)\framework\include\touchgfx\hal\NoDMA.hpp">
      <Filter>Header Files\TouchGFX\touchgfx\hal</Filter>
    </ClInclude>
    <ClInclude Include="$(TouchGFXReleasePath)\framework\include\touchgfx\hal\OSWrappers.hpp">
      <Filter>Header Files\TouchGFX\touchgfx\hal</Filter>
    </ClInclude>
    <ClInclude Include="$(TouchGFXReleasePath)\framework\include\touchgfx\hal\Types.hpp">
      <Filter>Header Files\TouchGFX\touchgfx\hal</Filter>
    </ClInclude>
    <ClInclude Include="$(TouchGFXReleasePath)\framework\include\touchgfx\InternalFlashFont.hpp">
      <Filter>Header Files\TouchGFX\touchgfx</Filter>
    </ClInclude>
    <ClInclude Include="$(TouchGFXReleasePath)\framework\include\touchgfx\JSMOCHelper.hpp">
      <Filter>Header Files\TouchGFX\touchgfx</Filter>
    </ClInclude>
    <ClInclude Include="$(TouchGFXReleasePath)\framework\include\touchgfx\lcd\LCD.hpp">
      <Filter>Header Files\TouchGFX\touchgfx\lcd</Filter>
    </ClInclude>
    <ClInclude Include="$(TouchGFXReleasePath)\framework\include\touchgfx\Math3D.hpp">
      <Filter>Header Files\TouchGFX\touchgfx</Filter>
    </ClInclude>
    <ClInclude Include="$(TouchGFXReleasePath)\framework\include\touchgfx\mixins\ClickListener.hpp">
      <Filter>Header Files\TouchGFX\touchgfx\mixins</Filter>
    </ClInclude>
    <ClInclude Include="$(TouchGFXReleasePath)\framework\include\touchgfx\mixins\Draggable.hpp">
      <Filter>Header Files\TouchGFX\touchgfx\mixins</Filter>
    </ClInclude>
    <ClInclude Include="$(TouchGFXReleasePath)\framework\include\touchgfx\mixins\FadeAnimator.hpp">
      <Filter>Header Files\TouchGFX\touchgfx\mixins</Filter>
    </ClInclude>
    <ClInclude Include="$(TouchGFXReleasePath)\framework\include\touchgfx\mixins\MoveAnimator.hpp">
      <Filter>Header Files\TouchGFX\touchgfx\mixins</Filter>
    </ClInclude>
    <ClInclude Include="$(TouchGFXReleasePath)\framework\include\touchgfx\mixins\PreRenderable.hpp">
      <Filter>Header Files\TouchGFX\touchgfx\mixins</Filter>
    </ClInclude>
    <ClInclude Include="$(TouchGFXReleasePath)\framework\include\touchgfx\mixins\Snapper.hpp">
      <Filter>Header Files\TouchGFX\touchgfx\mixins</Filter>
    </ClInclude>
    <ClInclude Include="$(TouchGFXReleasePath)\framework\include\touchgfx\Screen.hpp">
      <Filter>Header Files\TouchGFX\touchgfx</Filter>
    </ClInclude>
    <ClInclude Include="$(TouchGFXReleasePath)\framework\include\touchgfx\TextProvider.hpp">
      <Filter>Header Files\TouchGFX\touchgfx</Filter>
    </ClInclude>
    <ClInclude Include="$(TouchGFXReleasePath)\framework\include\touchgfx\Texts.hpp">
      <Filter>Header Files\TouchGFX\touchgfx</Filter>
    </ClInclude>
    <ClInclude Include="$(TouchGFXReleasePath)\framework\include\touchgfx\TextureMapTypes.hpp">
      <Filter>Header Files\TouchGFX\touchgfx</Filter>
    </ClInclude>
    <ClInclude Include="$(TouchGFXReleasePath)\framework\include\touchgfx\transforms\DisplayTransformation.hpp">
      <Filter>Header Files\TouchGFX\touchgfx\transforms</Filter>
    </ClInclude>
    <ClInclude Include="$(TouchGFXReleasePath)\framework\include\touchgfx\transforms\TouchCalibration.hpp">
      <Filter>Header Files\TouchGFX\touchgfx\transforms</Filter>
    </ClInclude>
    <ClInclude Include="$(TouchGFXReleasePath)\framework\include\touchgfx\transitions\NoTransition.hpp">
      <Filter>Header Files\TouchGFX\touchgfx\transitions</Filter>
    </ClInclude>
    <ClInclude Include="$(TouchGFXReleasePath)\framework\include\touchgfx\transitions\SlideTransition.hpp">
      <Filter>Header Files\TouchGFX\touchgfx\transitions</Filter>
    </ClInclude>
    <ClInclude Include="$(TouchGFXReleasePath)\framework\include\touchgfx\transitions\Transition.hpp">
      <Filter>Header Files\TouchGFX\touchgfx\transitions</Filter>
    </ClInclude>
    <ClInclude Include="$(TouchGFXReleasePath)\framework\include\touchgfx\TypedText.hpp">
      <Filter>Header Files\TouchGFX\touchgfx</Filter>
    </ClInclude>
    <ClInclude Include="$(TouchGFXReleasePath)\framework\include\touchgfx\UIEventListener.hpp">
      <Filter>Header Files\TouchGFX\touchgfx</Filter>
    </ClInclude>
    <ClInclude Include="$(TouchGFXReleasePath)\framework\include\touchgfx\Unicode.hpp">
      <Filter>Header Files\TouchGFX\touchgfx</Filter>
    </ClInclude>
    <ClInclude Include="$(TouchGFXReleasePath)\framework\include\touchgfx\Utils.hpp">
      <Filter>Header Files\TouchGFX\touchgfx</Filter>
    </ClInclude>
    <ClInclude Include="$(TouchGFXReleasePath)\framework\include\touchgfx\widgets\AbstractButton.hpp">
      <Filter>Header Files\TouchGFX\touchgfx\widgets</Filter>
    </ClInclude>
    <ClInclude Include="$(TouchGFXReleasePath)\framework\include\touchgfx\widgets\AnimatedImage.hpp">
      <Filter>Header Files\TouchGFX\touchgfx\widgets</Filter>
    </ClInclude>
    <ClInclude Include="$(TouchGFXReleasePath)\framework\include\touchgfx\widgets\AnimationTextureMapper.hpp">
      <Filter>Header Files\TouchGFX\touchgfx\widgets</Filter>
    </ClInclude>
    <ClInclude Include="$(TouchGFXReleasePath)\framework\include\touchgfx\widgets\Box.hpp">
      <Filter>Header Files\TouchGFX\touchgfx\widgets</Filter>
    </ClInclude>
    <ClInclude Include="$(TouchGFXReleasePath)\framework\include\touchgfx\widgets\Button.hpp">
      <Filter>Header Files\TouchGFX\touchgfx\widgets</Filter>
    </ClInclude>
    <ClInclude Include="$(TouchGFXReleasePath)\framework\include\touchgfx\widgets\ButtonWithIcon.hpp">
      <Filter>Header Files\TouchGFX\touchgfx\widgets</Filter>
    </ClInclude>
    <ClInclude Include="$(TouchGFXReleasePath)\framework\include\touchgfx\widgets\ButtonWithLabel.hpp">
      <Filter>Header Files\TouchGFX\touchgfx\widgets</Filter>
    </ClInclude>
    <ClInclude Include="$(TouchGFXReleasePath)\framework\include\touchgfx\widgets\canvas\AbstractPainter.hpp">
      <Filter>Header Files\TouchGFX\touchgfx\widgets\canvas</Filter>
    </ClInclude>
    <ClInclude Include="$(TouchGFXReleasePath)\framework\include\touchgfx\widgets\canvas\AbstractPainterBW.hpp">
      <Filter>Header Files\TouchGFX\touchgfx\widgets\canvas</Filter>
    </ClInclude>
    <ClInclude Include="$(TouchGFXReleasePath)\framework\include\touchgfx\widgets\canvas\AbstractPainterGRAY2.hpp">
      <Filter>Header Files\TouchGFX\touchgfx\widgets\canvas</Filter>
    </ClInclude>
    <ClInclude Include="$(TouchGFXReleasePath)\framework\include\touchgfx\widgets\canvas\AbstractPainterGRAY4.hpp">
      <Filter>Header Files\TouchGFX\touchgfx\widgets\canvas</Filter>
    </ClInclude>
    <ClInclude Include="$(TouchGFXReleasePath)\framework\include\touchgfx\widgets\canvas\AbstractPainterRGB565.hpp">
      <Filter>Header Files\TouchGFX\touchgfx\widgets\canvas</Filter>
    </ClInclude>
    <ClInclude Include="$(TouchGFXReleasePath)\framework\include\touchgfx\widgets\canvas\AbstractPainterRGB888.hpp">
      <Filter>Header Files\TouchGFX\touchgfx\widgets\canvas</Filter>
    </ClInclude>
    <ClInclude Include="$(TouchGFXReleasePath)\framework\include\touchgfx\widgets\canvas\AbstractShape.hpp">
      <Filter>Header Files\TouchGFX\touchgfx\widgets\canvas</Filter>
    </ClInclude>
    <ClInclude Include="$(TouchGFXReleasePath)\framework\include\touchgfx\widgets\canvas\Canvas.hpp">
      <Filter>Header Files\TouchGFX\touchgfx\widgets\canvas</Filter>
    </ClInclude>
    <ClInclude Include="$(TouchGFXReleasePath)\framework\include\touchgfx\widgets\canvas\CanvasWidget.hpp">
      <Filter>Header Files\TouchGFX\touchgfx\widgets\canvas</Filter>
    </ClInclude>
    <ClInclude Include="$(TouchGFXReleasePath)\framework\include\touchgfx\widgets\canvas\Circle.hpp">
      <Filter>Header Files\TouchGFX\touchgfx\widgets\canvas</Filter>
    </ClInclude>
    <ClInclude Include="$(TouchGFXReleasePath)\framework\include\touchgfx\widgets\canvas\CWRUtil.hpp">
      <Filter>Header Files\TouchGFX\touchgfx\widgets\canvas</Filter>
    </ClInclude>
    <ClInclude Include="$(TouchGFXReleasePath)\framework\include\touchgfx\widgets\canvas\Line.hpp">
      <Filter>Header Files\TouchGFX\touchgfx\widgets\canvas</Filter>
    </ClInclude>
    <ClInclude Include="$(TouchGFXReleasePath)\framework\include\touchgfx\widgets\canvas\PainterBW.hpp">
      <Filter>Header Files\TouchGFX\touchgfx\widgets\canvas</Filter>
    </ClInclude>
    <ClInclude Include="$(TouchGFXReleasePath)\framework\include\touchgfx\widgets\canvas\PainterGRAY2.hpp">
      <Filter>Header Files\TouchGFX\touchgfx\widgets\canvas</Filter>
    </ClInclude>
    <ClInclude Include="$(TouchGFXReleasePath)\framework\include\touchgfx\widgets\canvas\PainterGRAY2Bitmap.hpp">
      <Filter>Header Files\TouchGFX\touchgfx\widgets\canvas</Filter>
    </ClInclude>
    <ClInclude Include="$(TouchGFXReleasePath)\framework\include\touchgfx\widgets\canvas\PainterGRAY4.hpp">
      <Filter>Header Files\TouchGFX\touchgfx\widgets\canvas</Filter>
    </ClInclude>
    <ClInclude Include="$(TouchGFXReleasePath)\framework\include\touchgfx\widgets\canvas\PainterGRAY4Bitmap.hpp">
      <Filter>Header Files\TouchGFX\touchgfx\widgets\canvas</Filter>
    </ClInclude>
    <ClInclude Include="$(TouchGFXReleasePath)\framework\include\touchgfx\widgets\canvas\PainterRGB565.hpp">
      <Filter>Header Files\TouchGFX\touchgfx\widgets\canvas</Filter>
    </ClInclude>
    <ClInclude Include="$(TouchGFXReleasePath)\framework\include\touchgfx\widgets\canvas\PainterRGB565Bitmap.hpp">
      <Filter>Header Files\TouchGFX\touchgfx\widgets\canvas</Filter>
    </ClInclude>
    <ClInclude Include="$(TouchGFXReleasePath)\framework\include\touchgfx\widgets\canvas\PainterRGB888.hpp">
      <Filter>Header Files\TouchGFX\touchgfx\widgets\canvas</Filter>
    </ClInclude>
    <ClInclude Include="$(TouchGFXReleasePath)\framework\include\touchgfx\widgets\canvas\PainterRGB888Bitmap.hpp">
      <Filter>Header Files\TouchGFX\touchgfx\widgets\canvas</Filter>
    </ClInclude>
    <ClInclude Include="$(TouchGFXReleasePath)\framework\include\touchgfx\widgets\canvas\Shape.hpp">
      <Filter>Header Files\TouchGFX\touchgfx\widgets\canvas</Filter>
    </ClInclude>
    <ClInclude Include="$(TouchGFXReleasePath)\framework\include\touchgfx\widgets\Image.hpp">
      <Filter>Header Files\TouchGFX\touchgfx\widgets</Filter>
    </ClInclude>
    <ClInclude Include="$(TouchGFXReleasePath)\framework\include\touchgfx\widgets\Keyboard.hpp">
      <Filter>Header Files\TouchGFX\touchgfx\widgets</Filter>
    </ClInclude>
    <ClInclude Include="$(TouchGFXReleasePath)\framework\include\touchgfx\widgets\PixelDataWidget.hpp">
      <Filter>Header Files\TouchGFX\touchgfx\widgets</Filter>
    </ClInclude>
    <ClInclude Include="$(TouchGFXReleasePath)\framework\include\touchgfx\widgets\RadioButton.hpp">
      <Filter>Header Files\TouchGFX\touchgfx\widgets</Filter>
    </ClInclude>
    <ClInclude Include="$(TouchGFXReleasePath)\framework\include\touchgfx\widgets\RadioButtonGroup.hpp">
      <Filter>Header Files\TouchGFX\touchgfx\widgets</Filter>
    </ClInclude>
    <ClInclude Include="$(TouchGFXReleasePath)\framework\include\touchgfx\widgets\RepeatButton.hpp">
      <Filter>Header Files\TouchGFX\touchgfx\widgets</Filter>
    </ClInclude>
    <ClInclude Include="$(TouchGFXReleasePath)\framework\include\touchgfx\widgets\ScalableImage.hpp">
      <Filter>Header Files\TouchGFX\touchgfx\widgets</Filter>
    </ClInclude>
    <ClInclude Include="$(TouchGFXReleasePath)\framework\include\touchgfx\widgets\SnapshotWidget.hpp">
      <Filter>Header Files\TouchGFX\touchgfx\widgets</Filter>
    </ClInclude>
    <ClInclude Include="$(TouchGFXReleasePath)\framework\include\touchgfx\widgets\TextArea.hpp">
      <Filter>Header Files\TouchGFX\touchgfx\widgets</Filter>
    </ClInclude>
    <ClInclude Include="$(TouchGFXReleasePath)\framework\include\touchgfx\widgets\TextAreaWithWildcard.hpp">
      <Filter>Header Files\TouchGFX\touchgfx\widgets</Filter>
    </ClInclude>
    <ClInclude Include="$(TouchGFXReleasePath)\framework\include\touchgfx\widgets\TextureMapper.hpp">
      <Filter>Header Files\TouchGFX\touchgfx\widgets</Filter>
    </ClInclude>
    <ClInclude Include="$(TouchGFXReleasePath)\framework\include\touchgfx\widgets\TiledImage.hpp">
      <Filter>Header Files\TouchGFX\touchgfx\widgets</Filter>
    </ClInclude>
    <ClInclude Include="$(TouchGFXReleasePath)\framework\include\touchgfx\widgets\ToggleButton.hpp">
      <Filter>Header Files\TouchGFX\touchgfx\widgets</Filter>
    </ClInclude>
    <ClInclude Include="$(TouchGFXReleasePath)\framework\include\touchgfx\widgets\TouchArea.hpp">
      <Filter>Header Files\TouchGFX\touchgfx\widgets</Filter>
    </ClInclude>
    <ClInclude Include="$(TouchGFXReleasePath)\framework\include\touchgfx\widgets\Widget.hpp">
      <Filter>Header Files\TouchGFX\touchgfx\widgets</Filter>
    </ClInclude>
    <ClInclude Include="..\..\gui\include\gui\common\FrontendApplication.hpp">
      <Filter>Header Files\gui\common</Filter>
    </ClInclude>
    <ClInclude Include="..\..\generated\gui_generated\include\gui_generated\common\FrontendApplicationBase.hpp">
      <Filter>Header Files\generated\gui_generated\common</Filter>
    </ClInclude>
    <ClInclude Include="..\..\gui\include\gui\common\FrontendHeap.hpp">
      <Filter>Header Files\gui\common</Filter>
    </ClInclude>
    <ClInclude Include="..\..\generated\gui_generated\include\gui_generated\common\FrontendHeapBase.hpp">
      <Filter>Header Files\generated\gui_generated\common</Filter>
    </ClInclude>
    <ClInclude Include="..\..\gui\include\gui\model\Model.hpp">
      <Filter>Header Files\gui\model</Filter>
    </ClInclude>
    <ClInclude Include="..\..\gui\include\gui\model\ModelListener.hpp">
      <Filter>Header Files\gui\model</Filter>
    </ClInclude>
    <ClInclude Include="..\..\generated\gui_generated\include\gui_generated\common\SimConstants.hpp">
      <Filter>Header Files\generated\gui_generated\common</Filter>
    </ClInclude>
    <ClInclude Include="..\..\gui\include\gui\main_screen\MainPresenter.hpp">
      <Filter>Header Files\gui\main_screen</Filter>
    </ClInclude>
    <ClInclude Include="..\..\gui\include\gui\main_screen\MainView.hpp">
      <Filter>Header Files\gui\main_screen</Filter>
    </ClInclude>
    <ClInclude Include="..\..\generated\gui_generated\include\gui_generated\main_screen\MainViewBase.hpp">
      <Filter>Header Files\generated\gui_generated\main_screen</Filter>
    </ClInclude>
    <ClInclude Include="..\..\gui\include\gui\settempcontrol_screen\SetTempControlPresenter.hpp">
      <Filter>Header Files\gui\settempcontrol_screen</Filter>
    </ClInclude>
    <ClInclude Include="..\..\gui\include\gui\settempcontrol_screen\SetTempControlView.hpp">
      <Filter>Header Files\gui\settempcontrol_screen</Filter>
    </ClInclude>
    <ClInclude Include="..\..\generated\gui_generated\include\gui_generated\settempcontrol_screen\SetTempControlViewBase.hpp">
      <Filter>Header Files\generated\gui_generated\settempcontrol_screen</Filter>
    </ClInclude>
    <ClInclude Include="..\..\gui\include\gui\screenmenu_screen\screenMenuPresenter.hpp">
      <Filter>Header Files\gui\screenmenu_screen</Filter>
    </ClInclude>
    <ClInclude Include="..\..\gui\include\gui\screenmenu_screen\screenMenuView.hpp">
      <Filter>Header Files\gui\screenmenu_screen</Filter>
    </ClInclude>
    <ClInclude Include="..\..\generated\gui_generated\include\gui_generated\screenmenu_screen\screenMenuViewBase.hpp">
      <Filter>Header Files\generated\gui_generated\screenmenu_screen</Filter>
    </ClInclude>
    <ClInclude Include="..\..\gui\include\gui\screencanbus_screen\screenCanbusPresenter.hpp">
      <Filter>Header Files\gui\screencanbus_screen</Filter>
    </ClInclude>
    <ClInclude Include="..\..\gui\include\gui\screencanbus_screen\screenCanbusView.hpp">
      <Filter>Header Files\gui\screencanbus_screen</Filter>
    </ClInclude>
    <ClInclude Include="..\..\generated\gui_generated\include\gui_generated\screencanbus_screen\screenCanbusViewBase.hpp">
      <Filter>Header Files\generated\gui_generated\screencanbus_screen</Filter>
    </ClInclude>
    <ClInclude Include="..\..\gui\include\gui\containers\AtdiBackground_Btns.hpp">
      <Filter>Header Files\gui\containers</Filter>
    </ClInclude>
    <ClInclude Include="..\..\generated\gui_generated\include\gui_generated\containers\AtdiBackground_BtnsBase.hpp">
      <Filter>Header Files\generated\gui_generated\containers</Filter>
    </ClInclude>
    <ClInclude Include="..\..\gui\include\gui\screenzone_screen\screenZonePresenter.hpp">
      <Filter>Header Files\gui\screenzone_screen</Filter>
    </ClInclude>
    <ClInclude Include="..\..\gui\include\gui\screenzone_screen\screenZoneView.hpp">
      <Filter>Header Files\gui\screenzone_screen</Filter>
    </ClInclude>
    <ClInclude Include="..\..\generated\gui_generated\include\gui_generated\screenzone_screen\screenZoneViewBase.hpp">
      <Filter>Header Files\generated\gui_generated\screenzone_screen</Filter>
    </ClInclude>
    <ClInclude Include="..\..\gui\include\gui\screenmodbus_screen\screenModbusPresenter.hpp">
      <Filter>Header Files\gui\screenmodbus_screen</Filter>
    </ClInclude>
    <ClInclude Include="..\..\gui\include\gui\screenmodbus_screen\screenModbusView.hpp">
      <Filter>Header Files\gui\screenmodbus_screen</Filter>
    </ClInclude>
    <ClInclude Include="..\..\generated\gui_generated\include\gui_generated\screenmodbus_screen\screenModbusViewBase.hpp">
      <Filter>Header Files\generated\gui_generated\screenmodbus_screen</Filter>
    </ClInclude>
    <ClInclude Include="..\..\gui\include\gui\screenindustrialcontroller_screen\screenIndustrialControllerPresenter.hpp">
      <Filter>Header Files\gui\screenindustrialcontroller_screen</Filter>
    </ClInclude>
    <ClInclude Include="..\..\gui\include\gui\screenindustrialcontroller_screen\screenIndustrialControllerView.hpp">
      <Filter>Header Files\gui\screenindustrialcontroller_screen</Filter>
    </ClInclude>
    <ClInclude Include="..\..\generated\gui_generated\include\gui_generated\screenindustrialcontroller_screen\screenIndustrialControllerViewBase.hpp">
      <Filter>Header Files\generated\gui_generated\screenindustrialcontroller_screen</Filter>
    </ClInclude>
  </ItemGroup>
  <ItemGroup>
    <ResourceCompile Include="..\touchgfx.rc">
      <Filter>Resource Files</Filter>
    </ResourceCompile>
  </ItemGroup>
</Project>
